{
  "pins" : [
    {
      "identity" : "fhirmodels",
      "kind" : "remoteSourceControl",
      "location" : "https://github.com/apple/FHIRModels.git",
      "state" : {
        "revision" : "b7fcf26b818704f489719f8cdd9e270aaab37823",
        "version" : "0.7.0"
      }
    }
  ],
  "version" : 2
}
